
Microsoft Visual Studio Solution File, Format Version 12.00
# Visual Studio 15
VisualStudioVersion = 15.0.27703.2047
MinimumVisualStudioVersion = 10.0.40219.1
Project("{FAE04EC0-301F-11D3-BF4B-00C04F79EFBC}") = "ConsoleApp1", "ConsoleApp1\ConsoleApp1.csproj", "{57050A49-0E03-4180-870A-CAC9A11DCFE5}"
EndProject
Project("{FAE04EC0-301F-11D3-BF4B-00C04F79EFBC}") = "ConsoleApp2", "ConsoleApp2\ConsoleApp2.csproj", "{CD7228AA-0CCC-430E-941E-EE6722BA636F}"
EndProject
Project("{FAE04EC0-301F-11D3-BF4B-00C04F79EFBC}") = "ConsoleApp3", "ConsoleApp3\ConsoleApp3.csproj", "{BDB07AB0-6A2A-4BE1-B88D-130D82CD328A}"
EndProject
Project("{FAE04EC0-301F-11D3-BF4B-00C04F79EFBC}") = "ConsoleApp4", "ConsoleApp4\ConsoleApp4.csproj", "{41EF710B-F4A0-472D-A096-11EFE33EF83F}"
EndProject
Project("{FAE04EC0-301F-11D3-BF4B-00C04F79EFBC}") = "ConsoleApp5", "ConsoleApp5\ConsoleApp5.csproj", "{7530DF41-E0BA-4E8B-AE5D-1D69E9591B91}"
EndProject
Global
	GlobalSection(SolutionConfigurationPlatforms) = preSolution
		Debug|Any CPU = Debug|Any CPU
		Release|Any CPU = Release|Any CPU
	EndGlobalSection
	GlobalSection(ProjectConfigurationPlatforms) = postSolution
		{57050A49-0E03-4180-870A-CAC9A11DCFE5}.Debug|Any CPU.ActiveCfg = Debug|Any CPU
		{57050A49-0E03-4180-870A-CAC9A11DCFE5}.Debug|Any CPU.Build.0 = Debug|Any CPU
		{57050A49-0E03-4180-870A-CAC9A11DCFE5}.Release|Any CPU.ActiveCfg = Release|Any CPU
		{57050A49-0E03-4180-870A-CAC9A11DCFE5}.Release|Any CPU.Build.0 = Release|Any CPU
		{CD7228AA-0CCC-430E-941E-EE6722BA636F}.Debug|Any CPU.ActiveCfg = Debug|Any CPU
		{CD7228AA-0CCC-430E-941E-EE6722BA636F}.Debug|Any CPU.Build.0 = Debug|Any CPU
		{CD7228AA-0CCC-430E-941E-EE6722BA636F}.Release|Any CPU.ActiveCfg = Release|Any CPU
		{CD7228AA-0CCC-430E-941E-EE6722BA636F}.Release|Any CPU.Build.0 = Release|Any CPU
		{BDB07AB0-6A2A-4BE1-B88D-130D82CD328A}.Debug|Any CPU.ActiveCfg = Debug|Any CPU
		{BDB07AB0-6A2A-4BE1-B88D-130D82CD328A}.Debug|Any CPU.Build.0 = Debug|Any CPU
		{BDB07AB0-6A2A-4BE1-B88D-130D82CD328A}.Release|Any CPU.ActiveCfg = Release|Any CPU
		{BDB07AB0-6A2A-4BE1-B88D-130D82CD328A}.Release|Any CPU.Build.0 = Release|Any CPU
		{41EF710B-F4A0-472D-A096-11EFE33EF83F}.Debug|Any CPU.ActiveCfg = Debug|Any CPU
		{41EF710B-F4A0-472D-A096-11EFE33EF83F}.Debug|Any CPU.Build.0 = Debug|Any CPU
		{41EF710B-F4A0-472D-A096-11EFE33EF83F}.Release|Any CPU.ActiveCfg = Release|Any CPU
		{41EF710B-F4A0-472D-A096-11EFE33EF83F}.Release|Any CPU.Build.0 = Release|Any CPU
		{7530DF41-E0BA-4E8B-AE5D-1D69E9591B91}.Debug|Any CPU.ActiveCfg = Debug|Any CPU
		{7530DF41-E0BA-4E8B-AE5D-1D69E9591B91}.Debug|Any CPU.Build.0 = Debug|Any CPU
		{7530DF41-E0BA-4E8B-AE5D-1D69E9591B91}.Release|Any CPU.ActiveCfg = Release|Any CPU
		{7530DF41-E0BA-4E8B-AE5D-1D69E9591B91}.Release|Any CPU.Build.0 = Release|Any CPU
	EndGlobalSection
	GlobalSection(SolutionProperties) = preSolution
		HideSolutionNode = FALSE
	EndGlobalSection
	GlobalSection(ExtensibilityGlobals) = postSolution
		SolutionGuid = {A17D8E79-B9A8-4036-BC5E-2C3619D04293}
	EndGlobalSection
EndGlobal
